// !$*UTF8*$!
{
	archiveVersion = 1;
	classes = {
	};
	objectVersion = 56;
	objects = {

/* Begin PBXBuildFile section */
		6ED060862BA611F7002017E9 /* RecipeAppApp.swift in Sources */ = {isa = PBXBuildFile; fileRef = 6ED060852BA611F7002017E9 /* RecipeAppApp.swift */; };
		6ED060882BA611F7002017E9 /* ContentView.swift in Sources */ = {isa = PBXBuildFile; fileRef = 6ED060872BA611F7002017E9 /* ContentView.swift */; };
		6ED0608A2BA611F9002017E9 /* Assets.xcassets in Resources */ = {isa = PBXBuildFile; fileRef = 6ED060892BA611F9002017E9 /* Assets.xcassets */; };
		6ED0608D2BA611F9002017E9 /* Preview Assets.xcassets in Resources */ = {isa = PBXBuildFile; fileRef = 6ED0608C2BA611F9002017E9 /* Preview Assets.xcassets */; };
		6ED060972BA612BC002017E9 /* RecipeModel.swift in Sources */ = {isa = PBXBuildFile; fileRef = 6ED060962BA612BC002017E9 /* RecipeModel.swift */; };
		6ED060992BA612CA002017E9 /* MealPlanModel.swift in Sources */ = {isa = PBXBuildFile; fileRef = 6ED060982BA612CA002017E9 /* MealPlanModel.swift */; };
		6ED0609B2BA617D1002017E9 /* HomeView.swift in Sources */ = {isa = PBXBuildFile; fileRef = 6ED0609A2BA617D1002017E9 /* HomeView.swift */; };
		6ED0609D2BA618B8002017E9 /* RecipeDetailsView.swift in Sources */ = {isa = PBXBuildFile; fileRef = 6ED0609C2BA618B8002017E9 /* RecipeDetailsView.swift */; };
		6ED0609F2BA618F7002017E9 /* AccountView.swift in Sources */ = {isa = PBXBuildFile; fileRef = 6ED0609E2BA618F7002017E9 /* AccountView.swift */; };
		6ED060A12BA6190D002017E9 /* MealPlanView.swift in Sources */ = {isa = PBXBuildFile; fileRef = 6ED060A02BA6190D002017E9 /* MealPlanView.swift */; };
		6ED060A32BA6191E002017E9 /* GroceryListVIew.swift in Sources */ = {isa = PBXBuildFile; fileRef = 6ED060A22BA6191E002017E9 /* GroceryListVIew.swift */; };
		6ED060A52BA61B5D002017E9 /* MyRecipeView.swift in Sources */ = {isa = PBXBuildFile; fileRef = 6ED060A42BA61B5D002017E9 /* MyRecipeView.swift */; };
		6ED060A72BA61C20002017E9 /* NotificationView.swift in Sources */ = {isa = PBXBuildFile; fileRef = 6ED060A62BA61C20002017E9 /* NotificationView.swift */; };
		6ED060A92BA62033002017E9 /* Colors.swift in Sources */ = {isa = PBXBuildFile; fileRef = 6ED060A82BA62033002017E9 /* Colors.swift */; };
/* End PBXBuildFile section */

/* Begin PBXFileReference section */
		6ED060822BA611F7002017E9 /* RecipeApp.app */ = {isa = PBXFileReference; explicitFileType = wrapper.application; includeInIndex = 0; path = RecipeApp.app; sourceTree = BUILT_PRODUCTS_DIR; };
		6ED060852BA611F7002017E9 /* RecipeAppApp.swift */ = {isa = PBXFileReference; lastKnownFileType = sourcecode.swift; path = RecipeAppApp.swift; sourceTree = "<group>"; };
		6ED060872BA611F7002017E9 /* ContentView.swift */ = {isa = PBXFileReference; lastKnownFileType = sourcecode.swift; path = ContentView.swift; sourceTree = "<group>"; };
		6ED060892BA611F9002017E9 /* Assets.xcassets */ = {isa = PBXFileReference; lastKnownFileType = folder.assetcatalog; path = Assets.xcassets; sourceTree = "<group>"; };
		6ED0608C2BA611F9002017E9 /* Preview Assets.xcassets */ = {isa = PBXFileReference; lastKnownFileType = folder.assetcatalog; path = "Preview Assets.xcassets"; sourceTree = "<group>"; };
		6ED060962BA612BC002017E9 /* RecipeModel.swift */ = {isa = PBXFileReference; lastKnownFileType = sourcecode.swift; path = RecipeModel.swift; sourceTree = "<group>"; };
		6ED060982BA612CA002017E9 /* MealPlanModel.swift */ = {isa = PBXFileReference; lastKnownFileType = sourcecode.swift; path = MealPlanModel.swift; sourceTree = "<group>"; };
		6ED0609A2BA617D1002017E9 /* HomeView.swift */ = {isa = PBXFileReference; lastKnownFileType = sourcecode.swift; path = HomeView.swift; sourceTree = "<group>"; };
		6ED0609C2BA618B8002017E9 /* RecipeDetailsView.swift */ = {isa = PBXFileReference; lastKnownFileType = sourcecode.swift; path = RecipeDetailsView.swift; sourceTree = "<group>"; };
		6ED0609E2BA618F7002017E9 /* AccountView.swift */ = {isa = PBXFileReference; lastKnownFileType = sourcecode.swift; path = AccountView.swift; sourceTree = "<group>"; };
		6ED060A02BA6190D002017E9 /* MealPlanView.swift */ = {isa = PBXFileReference; lastKnownFileType = sourcecode.swift; path = MealPlanView.swift; sourceTree = "<group>"; };
		6ED060A22BA6191E002017E9 /* GroceryListVIew.swift */ = {isa = PBXFileReference; lastKnownFileType = sourcecode.swift; path = GroceryListVIew.swift; sourceTree = "<group>"; };
		6ED060A42BA61B5D002017E9 /* MyRecipeView.swift */ = {isa = PBXFileReference; lastKnownFileType = sourcecode.swift; path = MyRecipeView.swift; sourceTree = "<group>"; };
		6ED060A62BA61C20002017E9 /* NotificationView.swift */ = {isa = PBXFileReference; lastKnownFileType = sourcecode.swift; path = NotificationView.swift; sourceTree = "<group>"; };
		6ED060A82BA62033002017E9 /* Colors.swift */ = {isa = PBXFileReference; lastKnownFileType = sourcecode.swift; path = Colors.swift; sourceTree = "<group>"; };
/* End PBXFileReference section */

/* Begin PBXFrameworksBuildPhase section */
		6ED0607F2BA611F7002017E9 /* Frameworks */ = {
			isa = PBXFrameworksBuildPhase;
			buildActionMask = 2147483647;
			files = (
			);
			runOnlyForDeploymentPostprocessing = 0;
		};
/* End PBXFrameworksBuildPhase section */

/* Begin PBXGroup section */
		6ED060792BA611F7002017E9 = {
			isa = PBXGroup;
			children = (
				6ED060842BA611F7002017E9 /* RecipeApp */,
				6ED060832BA611F7002017E9 /* Products */,
			);
			sourceTree = "<group>";
		};
		6ED060832BA611F7002017E9 /* Products */ = {
			isa = PBXGroup;
			children = (
				6ED060822BA611F7002017E9 /* RecipeApp.app */,
			);
			name = Products;
			sourceTree = "<group>";
		};
		6ED060842BA611F7002017E9 /* RecipeApp */ = {
			isa = PBXGroup;
			children = (
				6ED060AA2BA6203E002017E9 /* Utils */,
				6ED060852BA611F7002017E9 /* RecipeAppApp.swift */,
				6ED060952BA6128F002017E9 /* Models */,
				6ED060942BA61283002017E9 /* ViewModels */,
				6ED060932BA6127C002017E9 /* Views */,
				6ED060892BA611F9002017E9 /* Assets.xcassets */,
				6ED0608B2BA611F9002017E9 /* Preview Content */,
			);
			path = RecipeApp;
			sourceTree = "<group>";
		};
		6ED0608B2BA611F9002017E9 /* Preview Content */ = {
			isa = PBXGroup;
			children = (
				6ED0608C2BA611F9002017E9 /* Preview Assets.xcassets */,
			);
			path = "Preview Content";
			sourceTree = "<group>";
		};
		6ED060932BA6127C002017E9 /* Views */ = {
			isa = PBXGroup;
			children = (
				6ED060872BA611F7002017E9 /* ContentView.swift */,
				6ED0609A2BA617D1002017E9 /* HomeView.swift */,
				6ED0609C2BA618B8002017E9 /* RecipeDetailsView.swift */,
				6ED0609E2BA618F7002017E9 /* AccountView.swift */,
				6ED060A02BA6190D002017E9 /* MealPlanView.swift */,
				6ED060A22BA6191E002017E9 /* GroceryListVIew.swift */,
				6ED060A42BA61B5D002017E9 /* MyRecipeView.swift */,
				6ED060A62BA61C20002017E9 /* NotificationView.swift */,
			);
			path = Views;
			sourceTree = "<group>";
		};
		6ED060942BA61283002017E9 /* ViewModels */ = {
			isa = PBXGroup;
			children = (
			);
			path = ViewModels;
			sourceTree = "<group>";
		};
		6ED060952BA6128F002017E9 /* Models */ = {
			isa = PBXGroup;
			children = (
				6ED060962BA612BC002017E9 /* RecipeModel.swift */,
				6ED060982BA612CA002017E9 /* MealPlanModel.swift */,
			);
			path = Models;
			sourceTree = "<group>";
		};
		6ED060AA2BA6203E002017E9 /* Utils */ = {
			isa = PBXGroup;
			children = (
				6ED060A82BA62033002017E9 /* Colors.swift */,
			);
			path = Utils;
			sourceTree = "<group>";
		};
/* End PBXGroup section */

/* Begin PBXNativeTarget section */
		6ED060812BA611F7002017E9 /* RecipeApp */ = {
			isa = PBXNativeTarget;
			buildConfigurationList = 6ED060902BA611F9002017E9 /* Build configuration list for PBXNativeTarget "RecipeApp" */;
			buildPhases = (
				6ED0607E2BA611F7002017E9 /* Sources */,
				6ED0607F2BA611F7002017E9 /* Frameworks */,
				6ED060802BA611F7002017E9 /* Resources */,
			);
			buildRules = (
			);
			dependencies = (
			);
			name = RecipeApp;
			productName = RecipeApp;
			productReference = 6ED060822BA611F7002017E9 /* RecipeApp.app */;
			productType = "com.apple.product-type.application";
		};
/* End PBXNativeTarget section */

/* Begin PBXProject section */
		6ED0607A2BA611F7002017E9 /* Project object */ = {
			isa = PBXProject;
			attributes = {
				BuildIndependentTargetsInParallel = 1;
				LastSwiftUpdateCheck = 1500;
				LastUpgradeCheck = 1500;
				TargetAttributes = {
					6ED060812BA611F7002017E9 = {
						CreatedOnToolsVersion = 15.0;
					};
				};
			};
			buildConfigurationList = 6ED0607D2BA611F7002017E9 /* Build configuration list for PBXProject "RecipeApp" */;
			compatibilityVersion = "Xcode 14.0";
			developmentRegion = en;
			hasScannedForEncodings = 0;
			knownRegions = (
				en,
				Base,
			);
			mainGroup = 6ED060792BA611F7002017E9;
			productRefGroup = 6ED060832BA611F7002017E9 /* Products */;
			projectDirPath = "";
			projectRoot = "";
			targets = (
				6ED060812BA611F7002017E9 /* RecipeApp */,
			);
		};
/* End PBXProject section */

/* Begin PBXResourcesBuildPhase section */
		6ED060802BA611F7002017E9 /* Resources */ = {
			isa = PBXResourcesBuildPhase;
			buildActionMask = 2147483647;
			files = (
				6ED0608D2BA611F9002017E9 /* Preview Assets.xcassets in Resources */,
				6ED0608A2BA611F9002017E9 /* Assets.xcassets in Resources */,
			);
			runOnlyForDeploymentPostprocessing = 0;
		};
/* End PBXResourcesBuildPhase section */

/* Begin PBXSourcesBuildPhase section */
		6ED0607E2BA611F7002017E9 /* Sources */ = {
			isa = PBXSourcesBuildPhase;
			buildActionMask = 2147483647;
			files = (
				6ED060A52BA61B5D002017E9 /* MyRecipeView.swift in Sources */,
				6ED060882BA611F7002017E9 /* ContentView.swift in Sources */,
				6ED0609D2BA618B8002017E9 /* RecipeDetailsView.swift in Sources */,
				6ED060A92BA62033002017E9 /* Colors.swift in Sources */,
				6ED060A72BA61C20002017E9 /* NotificationView.swift in Sources */,
				6ED060A12BA6190D002017E9 /* MealPlanView.swift in Sources */,
				6ED060992BA612CA002017E9 /* MealPlanModel.swift in Sources */,
				6ED060862BA611F7002017E9 /* RecipeAppApp.swift in Sources */,
				6ED0609F2BA618F7002017E9 /* AccountView.swift in Sources */,
				6ED0609B2BA617D1002017E9 /* HomeView.swift in Sources */,
				6ED060A32BA6191E002017E9 /* GroceryListVIew.swift in Sources */,
				6ED060972BA612BC002017E9 /* RecipeModel.swift in Sources */,
			);
			runOnlyForDeploymentPostprocessing = 0;
		};
/* End PBXSourcesBuildPhase section */

/* Begin XCBuildConfiguration section */
		6ED0608E2BA611F9002017E9 /* Debug */ = {
			isa = XCBuildConfiguration;
			buildSettings = {
				ALWAYS_SEARCH_USER_PATHS = NO;
				ASSETCATALOG_COMPILER_GENERATE_SWIFT_ASSET_SYMBOL_EXTENSIONS = YES;
				CLANG_ANALYZER_NONNULL = YES;
				CLANG_ANALYZER_NUMBER_OBJECT_CONVERSION = YES_AGGRESSIVE;
				CLANG_CXX_LANGUAGE_STANDARD = "gnu++20";
				CLANG_ENABLE_MODULES = YES;
				CLANG_ENABLE_OBJC_ARC = YES;
				CLANG_ENABLE_OBJC_WEAK = YES;
				CLANG_WARN_BLOCK_CAPTURE_AUTORELEASING = YES;
				CLANG_WARN_BOOL_CONVERSION = YES;
				CLANG_WARN_COMMA = YES;
				CLANG_WARN_CONSTANT_CONVERSION = YES;
				CLANG_WARN_DEPRECATED_OBJC_IMPLEMENTATIONS = YES;
				CLANG_WARN_DIRECT_OBJC_ISA_USAGE = YES_ERROR;
				CLANG_WARN_DOCUMENTATION_COMMENTS = YES;
				CLANG_WARN_EMPTY_BODY = YES;
				CLANG_WARN_ENUM_CONVERSION = YES;
				CLANG_WARN_INFINITE_RECURSION = YES;
				CLANG_WARN_INT_CONVERSION = YES;
				CLANG_WARN_NON_LITERAL_NULL_CONVERSION = YES;
				CLANG_WARN_OBJC_IMPLICIT_RETAIN_SELF = YES;
				CLANG_WARN_OBJC_LITERAL_CONVERSION = YES;
				CLANG_WARN_OBJC_ROOT_CLASS = YES_ERROR;
				CLANG_WARN_QUOTED_INCLUDE_IN_FRAMEWORK_HEADER = YES;
				CLANG_WARN_RANGE_LOOP_ANALYSIS = YES;
				CLANG_WARN_STRICT_PROTOTYPES = YES;
				CLANG_WARN_SUSPICIOUS_MOVE = YES;
				CLANG_WARN_UNGUARDED_AVAILABILITY = YES_AGGRESSIVE;
				CLANG_WARN_UNREACHABLE_CODE = YES;
				CLANG_WARN__DUPLICATE_METHOD_MATCH = YES;
				COPY_PHASE_STRIP = NO;
				DEBUG_INFORMATION_FORMAT = dwarf;
				ENABLE_STRICT_OBJC_MSGSEND = YES;
				ENABLE_TESTABILITY = YES;
				ENABLE_USER_SCRIPT_SANDBOXING = YES;
				GCC_C_LANGUAGE_STANDARD = gnu17;
				GCC_DYNAMIC_NO_PIC = NO;
				GCC_NO_COMMON_BLOCKS = YES;
				GCC_OPTIMIZATION_LEVEL = 0;
				GCC_PREPROCESSOR_DEFINITIONS = (
					"DEBUG=1",
					"$(inherited)",
				);
				GCC_WARN_64_TO_32_BIT_CONVERSION = YES;
				GCC_WARN_ABOUT_RETURN_TYPE = YES_ERROR;
				GCC_WARN_UNDECLARED_SELECTOR = YES;
				GCC_WARN_UNINITIALIZED_AUTOS = YES_AGGRESSIVE;
				GCC_WARN_UNUSED_FUNCTION = YES;
				GCC_WARN_UNUSED_VARIABLE = YES;
				IPHONEOS_DEPLOYMENT_TARGET = 17.0;
				LOCALIZATION_PREFERS_STRING_CATALOGS = YES;
				MTL_ENABLE_DEBUG_INFO = INCLUDE_SOURCE;
				MTL_FAST_MATH = YES;
				ONLY_ACTIVE_ARCH = YES;
				SDKROOT = iphoneos;
				SWIFT_ACTIVE_COMPILATION_CONDITIONS = "DEBUG $(inherited)";
				SWIFT_OPTIMIZATION_LEVEL = "-Onone";
			};
			name = Debug;
		};
		6ED0608F2BA611F9002017E9 /* Release */ = {
			isa = XCBuildConfiguration;
			buildSettings = {
				ALWAYS_SEARCH_USER_PATHS = NO;
				ASSETCATALOG_COMPILER_GENERATE_SWIFT_ASSET_SYMBOL_EXTENSIONS = YES;
				CLANG_ANALYZER_NONNULL = YES;
				CLANG_ANALYZER_NUMBER_OBJECT_CONVERSION = YES_AGGRESSIVE;
				CLANG_CXX_LANGUAGE_STANDARD = "gnu++20";
				CLANG_ENABLE_MODULES = YES;
				CLANG_ENABLE_OBJC_ARC = YES;
				CLANG_ENABLE_OBJC_WEAK = YES;
				CLANG_WARN_BLOCK_CAPTURE_AUTORELEASING = YES;
				CLANG_WARN_BOOL_CONVERSION = YES;
				CLANG_WARN_COMMA = YES;
				CLANG_WARN_CONSTANT_CONVERSION = YES;
				CLANG_WARN_DEPRECATED_OBJC_IMPLEMENTATIONS = YES;
				CLANG_WARN_DIRECT_OBJC_ISA_USAGE = YES_ERROR;
				CLANG_WARN_DOCUMENTATION_COMMENTS = YES;
				CLANG_WARN_EMPTY_BODY = YES;
				CLANG_WARN_ENUM_CONVERSION = YES;
				CLANG_WARN_INFINITE_RECURSION = YES;
				CLANG_WARN_INT_CONVERSION = YES;
				CLANG_WARN_NON_LITERAL_NULL_CONVERSION = YES;
				CLANG_WARN_OBJC_IMPLICIT_RETAIN_SELF = YES;
				CLANG_WARN_OBJC_LITERAL_CONVERSION = YES;
				CLANG_WARN_OBJC_ROOT_CLASS = YES_ERROR;
				CLANG_WARN_QUOTED_INCLUDE_IN_FRAMEWORK_HEADER = YES;
				CLANG_WARN_RANGE_LOOP_ANALYSIS = YES;
				CLANG_WARN_STRICT_PROTOTYPES = YES;
				CLANG_WARN_SUSPICIOUS_MOVE = YES;
				CLANG_WARN_UNGUARDED_AVAILABILITY = YES_AGGRESSIVE;
				CLANG_WARN_UNREACHABLE_CODE = YES;
				CLANG_WARN__DUPLICATE_METHOD_MATCH = YES;
				COPY_PHASE_STRIP = NO;
				DEBUG_INFORMATION_FORMAT = "dwarf-with-dsym";
				ENABLE_NS_ASSERTIONS = NO;
				ENABLE_STRICT_OBJC_MSGSEND = YES;
				ENABLE_USER_SCRIPT_SANDBOXING = YES;
				GCC_C_LANGUAGE_STANDARD = gnu17;
				GCC_NO_COMMON_BLOCKS = YES;
				GCC_WARN_64_TO_32_BIT_CONVERSION = YES;
				GCC_WARN_ABOUT_RETURN_TYPE = YES_ERROR;
				GCC_WARN_UNDECLARED_SELECTOR = YES;
				GCC_WARN_UNINITIALIZED_AUTOS = YES_AGGRESSIVE;
				GCC_WARN_UNUSED_FUNCTION = YES;
				GCC_WARN_UNUSED_VARIABLE = YES;
				IPHONEOS_DEPLOYMENT_TARGET = 17.0;
				LOCALIZATION_PREFERS_STRING_CATALOGS = YES;
				MTL_ENABLE_DEBUG_INFO = NO;
				MTL_FAST_MATH = YES;
				SDKROOT = iphoneos;
				SWIFT_COMPILATION_MODE = wholemodule;
				VALIDATE_PRODUCT = YES;
			};
			name = Release;
		};
		6ED060912BA611F9002017E9 /* Debug */ = {
			isa = XCBuildConfiguration;
			buildSettings = {
				ASSETCATALOG_COMPILER_APPICON_NAME = AppIcon;
				ASSETCATALOG_COMPILER_GLOBAL_ACCENT_COLOR_NAME = AccentColor;
				CODE_SIGN_STYLE = Automatic;
				CURRENT_PROJECT_VERSION = 1;
				DEVELOPMENT_ASSET_PATHS = "\"RecipeApp/Preview Content\"";
				DEVELOPMENT_TEAM = Q45YGNW7D5;
				ENABLE_PREVIEWS = YES;
				GENERATE_INFOPLIST_FILE = YES;
				INFOPLIST_KEY_UIApplicationSceneManifest_Generation = YES;
				INFOPLIST_KEY_UIApplicationSupportsIndirectInputEvents = YES;
				INFOPLIST_KEY_UILaunchScreen_Generation = YES;
				INFOPLIST_KEY_UISupportedInterfaceOrientations_iPad = "UIInterfaceOrientationPortrait UIInterfaceOrientationPortraitUpsideDown UIInterfaceOrientationLandscapeLeft UIInterfaceOrientationLandscapeRight";
				INFOPLIST_KEY_UISupportedInterfaceOrientations_iPhone = "UIInterfaceOrientationPortrait UIInterfaceOrientationLandscapeLeft UIInterfaceOrientationLandscapeRight";
				LD_RUNPATH_SEARCH_PATHS = (
					"$(inherited)",
					"@executable_path/Frameworks",
				);
				MARKETING_VERSION = 1.0;
				PRODUCT_BUNDLE_IDENTIFIER = mickson.RecipeApp;
				PRODUCT_NAME = "$(TARGET_NAME)";
				SWIFT_EMIT_LOC_STRINGS = YES;
				SWIFT_VERSION = 5.0;
				TARGETED_DEVICE_FAMILY = "1,2";
			};
			name = Debug;
		};
		6ED060922BA611F9002017E9 /* Release */ = {
			isa = XCBuildConfiguration;
			buildSettings = {
				ASSETCATALOG_COMPILER_APPICON_NAME = AppIcon;
				ASSETCATALOG_COMPILER_GLOBAL_ACCENT_COLOR_NAME = AccentColor;
				CODE_SIGN_STYLE = Automatic;
				CURRENT_PROJECT_VERSION = 1;
				DEVELOPMENT_ASSET_PATHS = "\"RecipeApp/Preview Content\"";
				DEVELOPMENT_TEAM = Q45YGNW7D5;
				ENABLE_PREVIEWS = YES;
				GENERATE_INFOPLIST_FILE = YES;
				INFOPLIST_KEY_UIApplicationSceneManifest_Generation = YES;
				INFOPLIST_KEY_UIApplicationSupportsIndirectInputEvents = YES;
				INFOPLIST_KEY_UILaunchScreen_Generation = YES;
				INFOPLIST_KEY_UISupportedInterfaceOrientations_iPad = "UIInterfaceOrientationPortrait UIInterfaceOrientationPortraitUpsideDown UIInterfaceOrientationLandscapeLeft UIInterfaceOrientationLandscapeRight";
				INFOPLIST_KEY_UISupportedInterfaceOrientations_iPhone = "UIInterfaceOrientationPortrait UIInterfaceOrientationLandscapeLeft UIInterfaceOrientationLandscapeRight";
				LD_RUNPATH_SEARCH_PATHS = (
					"$(inherited)",
					"@executable_path/Frameworks",
				);
				MARKETING_VERSION = 1.0;
				PRODUCT_BUNDLE_IDENTIFIER = mickson.RecipeApp;
				PRODUCT_NAME = "$(TARGET_NAME)";
				SWIFT_EMIT_LOC_STRINGS = YES;
				SWIFT_VERSION = 5.0;
				TARGETED_DEVICE_FAMILY = "1,2";
			};
			name = Release;
		};
/* End XCBuildConfiguration section */

/* Begin XCConfigurationList section */
		6ED0607D2BA611F7002017E9 /* Build configuration list for PBXProject "RecipeApp" */ = {
			isa = XCConfigurationList;
			buildConfigurations = (
				6ED0608E2BA611F9002017E9 /* Debug */,
				6ED0608F2BA611F9002017E9 /* Release */,
			);
			defaultConfigurationIsVisible = 0;
			defaultConfigurationName = Release;
		};
		6ED060902BA611F9002017E9 /* Build configuration list for PBXNativeTarget "RecipeApp" */ = {
			isa = XCConfigurationList;
			buildConfigurations = (
				6ED060912BA611F9002017E9 /* Debug */,
				6ED060922BA611F9002017E9 /* Release */,
			);
			defaultConfigurationIsVisible = 0;
			defaultConfigurationName = Release;
		};
/* End XCConfigurationList section */
	};
	rootObject = 6ED0607A2BA611F7002017E9 /* Project object */;
}
